
Microsoft Visual Studio Solution File, Format Version 12.00
# Visual Studio Version 17
VisualStudioVersion = 17.8.34316.72
MinimumVisualStudioVersion = 10.0.40219.1
Project("{9A19103F-16F7-4668-BE54-9A1E7A4F7556}") = "ControleDeContatos", "ControleDeContatos.csproj", "{83B5EE28-B6B7-4967-B33C-4C6F3675551B}"
EndProject
Global
	GlobalSection(SolutionConfigurationPlatforms) = preSolution
		Debug|Any CPU = Debug|Any CPU
		Release|Any CPU = Release|Any CPU
	EndGlobalSection
	GlobalSection(ProjectConfigurationPlatforms) = postSolution
		{83B5EE28-B6B7-4967-B33C-4C6F3675551B}.Debug|Any CPU.ActiveCfg = Debug|Any CPU
		{83B5EE28-B6B7-4967-B33C-4C6F3675551B}.Debug|Any CPU.Build.0 = Debug|Any CPU
		{83B5EE28-B6B7-4967-B33C-4C6F3675551B}.Release|Any CPU.ActiveCfg = Release|Any CPU
		{83B5EE28-B6B7-4967-B33C-4C6F3675551B}.Release|Any CPU.Build.0 = Release|Any CPU
	EndGlobalSection
	GlobalSection(SolutionProperties) = preSolution
		HideSolutionNode = FALSE
	EndGlobalSection
	GlobalSection(ExtensibilityGlobals) = postSolution
		SolutionGuid = {46C6DA51-510B-4B43-9D19-E3A49CC97104}
	EndGlobalSection
EndGlobal
